{
  "lockfileVersion": 1,
  "configVersion": 0,
  "workspaces": {
    "": {
      "name": "agentic-workspace",
    },
    "examples/second-brain": {
      "name": "second-brain-example",
      "devDependencies": {
        "@tnezdev/agentic-runtime-local": "workspace:*",
      },
    },
    "packages/agentic": {
      "name": "@tnezdev/agentic",
      "version": "0.5.0",
      "bin": {
        "agentic": "dist/cli/main.js",
        "spores": "dist/cli/main.js",
      },
      "devDependencies": {
        "@cloudflare/workers-types": "^4.20260426.1",
        "@types/bun": "^1.3.11",
        "typescript": "^5.7.0",
      },
    },
    "packages/agentic-runtime-local": {
      "name": "@tnezdev/agentic-runtime-local",
      "version": "0.5.0",
      "devDependencies": {
        "@tnezdev/agentic": "^0.5.0",
        "@types/bun": "^1.3.11",
        "typescript": "^5.7.0",
      },
      "peerDependencies": {
        "@tnezdev/agentic": "^0.5.0",
      },
    },
  },
  "packages": {
    "@cloudflare/workers-types": ["@cloudflare/workers-types@4.20260426.1", "", {}, "sha512-cBYeQaWwv/jFV8ualmwp6wIxmAf0rDe2DPPQwPbslKmPHqgv861YpAvm45r05K40QboZgxNQVIPgNkmtHqZeJQ=="],

    "@tnezdev/agentic": ["@tnezdev/agentic@workspace:packages/agentic"],

    "@tnezdev/agentic-runtime-local": ["@tnezdev/agentic-runtime-local@workspace:packages/agentic-runtime-local"],

    "@types/bun": ["@types/bun@1.3.11", "", { "dependencies": { "bun-types": "1.3.11" } }, "sha512-5vPne5QvtpjGpsGYXiFyycfpDF2ECyPcTSsFBMa0fraoxiQyMJ3SmuQIGhzPg2WJuWxVBoxWJ2kClYTcw/4fAg=="],

    "@types/node": ["@types/node@25.5.2", "", { "dependencies": { "undici-types": "~7.18.0" } }, "sha512-tO4ZIRKNC+MDWV4qKVZe3Ql/woTnmHDr5JD8UI5hn2pwBrHEwOEMZK7WlNb5RKB6EoJ02gwmQS9OrjuFnZYdpg=="],

    "bun-types": ["bun-types@1.3.11", "", { "dependencies": { "@types/node": "*" } }, "sha512-1KGPpoxQWl9f6wcZh57LvrPIInQMn2TQ7jsgxqpRzg+l0QPOFvJVH7HmvHo/AiPgwXy+/Thf6Ov3EdVn1vOabg=="],

    "second-brain-example": ["second-brain-example@workspace:examples/second-brain"],

    "typescript": ["typescript@5.9.3", "", { "bin": { "tsc": "bin/tsc", "tsserver": "bin/tsserver" } }, "sha512-jl1vZzPDinLr9eUt3J/t7V6FgNEw9QjvBPdysz9KfQDD41fQrC2Y4vKQdiaUpFT4bXlb1RHhLpp8wtm6M5TgSw=="],

    "undici-types": ["undici-types@7.18.2", "", {}, "sha512-AsuCzffGHJybSaRrmr5eHr81mwJU3kjw6M+uprWvCXiNeN9SOGwQ3Jn8jb8m3Z6izVgknn1R0FTCEAP2QrLY/w=="],
  }
}
